
Microsoft Visual Studio Solution File, Format Version 12.00
# Visual Studio Version 17
VisualStudioVersion = 17.6.33712.159
MinimumVisualStudioVersion = 10.0.40219.1
Project("{9A19103F-16F7-4668-BE54-9A1E7A4F7556}") = "PG.Commons", "PG.Commons\PG.Commons\PG.Commons.csproj", "{B475C0EB-4EAE-4D7D-9471-AED06795481A}"
EndProject
Project("{9A19103F-16F7-4668-BE54-9A1E7A4F7556}") = "PG.StarWarsGame.Files.DAT", "PG.StarWarsGame.Files.DAT\PG.StarWarsGame.Files.DAT\PG.StarWarsGame.Files.DAT.csproj", "{4358BDCA-3CBA-42B6-A794-82973F48714F}"
EndProject
Project("{9A19103F-16F7-4668-BE54-9A1E7A4F7556}") = "PG.StarWarsGame.Files.MEG", "PG.StarWarsGame.Files.MEG\PG.StarWarsGame.Files.MEG\PG.StarWarsGame.Files.MEG.csproj", "{999D1E81-59E0-4E1B-9819-5D0448BC5C30}"
EndProject
Project("{9A19103F-16F7-4668-BE54-9A1E7A4F7556}") = "PG.StarWarsGame.Files.MTD", "PG.StarWarsGame.Files.MTD\PG.StarWarsGame.Files.MTD\PG.StarWarsGame.Files.MTD.csproj", "{4B5A4FB4-85ED-4000-89BC-4EBD244F032E}"
EndProject
Project("{9A19103F-16F7-4668-BE54-9A1E7A4F7556}") = "PG.Commons.Test", "PG.Commons\PG.Commons.Test\PG.Commons.Test.csproj", "{BE03C61C-CEC3-47A8-839B-A778E56607EA}"
EndProject
Project("{9A19103F-16F7-4668-BE54-9A1E7A4F7556}") = "PG.StarWarsGame.Files.DAT.Test", "PG.StarWarsGame.Files.DAT\PG.StarWarsGame.Files.DAT.Test\PG.StarWarsGame.Files.DAT.Test.csproj", "{B582FDC3-72EC-4798-BCC2-8AA40325A55E}"
EndProject
Project("{9A19103F-16F7-4668-BE54-9A1E7A4F7556}") = "PG.StarWarsGame.Files.MEG.Test", "PG.StarWarsGame.Files.MEG\PG.StarWarsGame.Files.MEG.Test\PG.StarWarsGame.Files.MEG.Test.csproj", "{B5824B76-F9B5-4E5F-B9C9-DE6E47542EB8}"
EndProject
Project("{9A19103F-16F7-4668-BE54-9A1E7A4F7556}") = "PG.StarWarsGame.Files.MTD.Test", "PG.StarWarsGame.Files.MTD\PG.StarWarsGame.Files.MTD.Test\PG.StarWarsGame.Files.MTD.Test.csproj", "{201625C3-820E-4C22-8B75-BF32FDD0E823}"
EndProject
Project("{9A19103F-16F7-4668-BE54-9A1E7A4F7556}") = "PG.StarWarsGame.Files.Xml", "PG.StarWarsGame.Files.Xml\PG.StarWarsGame.Files.Xml\PG.StarWarsGame.Files.Xml.csproj", "{7A8E409E-BDE0-4E5C-8457-46529822895C}"
EndProject
Project("{9A19103F-16F7-4668-BE54-9A1E7A4F7556}") = "PG.StarWarsGame.Files.Xml.Test", "PG.StarWarsGame.Files.Xml\PG.StarWarsGame.Files.Xml.Test\PG.StarWarsGame.Files.Xml.Test.csproj", "{71A4184C-9472-44B5-A81A-2EFC3A11CA96}"
EndProject
Project("{9A19103F-16F7-4668-BE54-9A1E7A4F7556}") = "PG.Testing", "PG.Testing\PG.Testing.csproj", "{1B3F42F5-0BEE-4138-9222-DE7559CB9435}"
EndProject
Project("{9A19103F-16F7-4668-BE54-9A1E7A4F7556}") = "PG.Benchmarks", "PG.Benchmarks\PG.Benchmarks.csproj", "{469BAFA4-7C54-4736-B349-3D6E84AB33FA}"
EndProject
Global
	GlobalSection(SolutionConfigurationPlatforms) = preSolution
		Debug|Any CPU = Debug|Any CPU
		Release|Any CPU = Release|Any CPU
	EndGlobalSection
	GlobalSection(ProjectConfigurationPlatforms) = postSolution
		{B475C0EB-4EAE-4D7D-9471-AED06795481A}.Debug|Any CPU.ActiveCfg = Debug|Any CPU
		{B475C0EB-4EAE-4D7D-9471-AED06795481A}.Debug|Any CPU.Build.0 = Debug|Any CPU
		{B475C0EB-4EAE-4D7D-9471-AED06795481A}.Release|Any CPU.ActiveCfg = Release|Any CPU
		{B475C0EB-4EAE-4D7D-9471-AED06795481A}.Release|Any CPU.Build.0 = Release|Any CPU
		{4358BDCA-3CBA-42B6-A794-82973F48714F}.Debug|Any CPU.ActiveCfg = Debug|Any CPU
		{4358BDCA-3CBA-42B6-A794-82973F48714F}.Debug|Any CPU.Build.0 = Debug|Any CPU
		{4358BDCA-3CBA-42B6-A794-82973F48714F}.Release|Any CPU.ActiveCfg = Release|Any CPU
		{4358BDCA-3CBA-42B6-A794-82973F48714F}.Release|Any CPU.Build.0 = Release|Any CPU
		{999D1E81-59E0-4E1B-9819-5D0448BC5C30}.Debug|Any CPU.ActiveCfg = Debug|Any CPU
		{999D1E81-59E0-4E1B-9819-5D0448BC5C30}.Debug|Any CPU.Build.0 = Debug|Any CPU
		{999D1E81-59E0-4E1B-9819-5D0448BC5C30}.Release|Any CPU.ActiveCfg = Release|Any CPU
		{999D1E81-59E0-4E1B-9819-5D0448BC5C30}.Release|Any CPU.Build.0 = Release|Any CPU
		{4B5A4FB4-85ED-4000-89BC-4EBD244F032E}.Debug|Any CPU.ActiveCfg = Debug|Any CPU
		{4B5A4FB4-85ED-4000-89BC-4EBD244F032E}.Debug|Any CPU.Build.0 = Debug|Any CPU
		{4B5A4FB4-85ED-4000-89BC-4EBD244F032E}.Release|Any CPU.ActiveCfg = Release|Any CPU
		{4B5A4FB4-85ED-4000-89BC-4EBD244F032E}.Release|Any CPU.Build.0 = Release|Any CPU
		{BE03C61C-CEC3-47A8-839B-A778E56607EA}.Debug|Any CPU.ActiveCfg = Debug|Any CPU
		{BE03C61C-CEC3-47A8-839B-A778E56607EA}.Debug|Any CPU.Build.0 = Debug|Any CPU
		{BE03C61C-CEC3-47A8-839B-A778E56607EA}.Release|Any CPU.ActiveCfg = Release|Any CPU
		{BE03C61C-CEC3-47A8-839B-A778E56607EA}.Release|Any CPU.Build.0 = Release|Any CPU
		{B582FDC3-72EC-4798-BCC2-8AA40325A55E}.Debug|Any CPU.ActiveCfg = Debug|Any CPU
		{B582FDC3-72EC-4798-BCC2-8AA40325A55E}.Debug|Any CPU.Build.0 = Debug|Any CPU
		{B582FDC3-72EC-4798-BCC2-8AA40325A55E}.Release|Any CPU.ActiveCfg = Release|Any CPU
		{B582FDC3-72EC-4798-BCC2-8AA40325A55E}.Release|Any CPU.Build.0 = Release|Any CPU
		{B5824B76-F9B5-4E5F-B9C9-DE6E47542EB8}.Debug|Any CPU.ActiveCfg = Debug|Any CPU
		{B5824B76-F9B5-4E5F-B9C9-DE6E47542EB8}.Debug|Any CPU.Build.0 = Debug|Any CPU
		{B5824B76-F9B5-4E5F-B9C9-DE6E47542EB8}.Release|Any CPU.ActiveCfg = Release|Any CPU
		{B5824B76-F9B5-4E5F-B9C9-DE6E47542EB8}.Release|Any CPU.Build.0 = Release|Any CPU
		{201625C3-820E-4C22-8B75-BF32FDD0E823}.Debug|Any CPU.ActiveCfg = Debug|Any CPU
		{201625C3-820E-4C22-8B75-BF32FDD0E823}.Debug|Any CPU.Build.0 = Debug|Any CPU
		{201625C3-820E-4C22-8B75-BF32FDD0E823}.Release|Any CPU.ActiveCfg = Release|Any CPU
		{201625C3-820E-4C22-8B75-BF32FDD0E823}.Release|Any CPU.Build.0 = Release|Any CPU
		{7A8E409E-BDE0-4E5C-8457-46529822895C}.Debug|Any CPU.ActiveCfg = Debug|Any CPU
		{7A8E409E-BDE0-4E5C-8457-46529822895C}.Release|Any CPU.ActiveCfg = Release|Any CPU
		{71A4184C-9472-44B5-A81A-2EFC3A11CA96}.Debug|Any CPU.ActiveCfg = Debug|Any CPU
		{71A4184C-9472-44B5-A81A-2EFC3A11CA96}.Release|Any CPU.ActiveCfg = Release|Any CPU
		{1B3F42F5-0BEE-4138-9222-DE7559CB9435}.Debug|Any CPU.ActiveCfg = Debug|Any CPU
		{1B3F42F5-0BEE-4138-9222-DE7559CB9435}.Debug|Any CPU.Build.0 = Debug|Any CPU
		{1B3F42F5-0BEE-4138-9222-DE7559CB9435}.Release|Any CPU.ActiveCfg = Release|Any CPU
		{1B3F42F5-0BEE-4138-9222-DE7559CB9435}.Release|Any CPU.Build.0 = Release|Any CPU
		{469BAFA4-7C54-4736-B349-3D6E84AB33FA}.Debug|Any CPU.ActiveCfg = Debug|Any CPU
		{469BAFA4-7C54-4736-B349-3D6E84AB33FA}.Debug|Any CPU.Build.0 = Debug|Any CPU
		{469BAFA4-7C54-4736-B349-3D6E84AB33FA}.Release|Any CPU.ActiveCfg = Release|Any CPU
		{469BAFA4-7C54-4736-B349-3D6E84AB33FA}.Release|Any CPU.Build.0 = Release|Any CPU
	EndGlobalSection
	GlobalSection(SolutionProperties) = preSolution
		HideSolutionNode = FALSE
	EndGlobalSection
	GlobalSection(ExtensibilityGlobals) = postSolution
		SolutionGuid = {D53DDBBA-F794-4136-8221-E998F793C4CC}
	EndGlobalSection
EndGlobal
